// !$*UTF8*$!
{
	archiveVersion = 1;
	classes = {
	};
	objectVersion = 46;
	objects = {

/* Begin PBXBuildFile section */
		B002DC551F44FA04000ADEE1 /* AppDelegate.swift in Sources */ = {isa = PBXBuildFile; fileRef = B002DC541F44FA04000ADEE1 /* AppDelegate.swift */; };
		B002DC571F44FA05000ADEE1 /* ViewController.swift in Sources */ = {isa = PBXBuildFile; fileRef = B002DC561F44FA05000ADEE1 /* ViewController.swift */; };
		B002DC5A1F44FA05000ADEE1 /* Main.storyboard in Resources */ = {isa = PBXBuildFile; fileRef = B002DC581F44FA05000ADEE1 /* Main.storyboard */; };
		B002DC5C1F44FA05000ADEE1 /* Assets.xcassets in Resources */ = {isa = PBXBuildFile; fileRef = B002DC5B1F44FA05000ADEE1 /* Assets.xcassets */; };
		B002DC5F1F44FA05000ADEE1 /* LaunchScreen.storyboard in Resources */ = {isa = PBXBuildFile; fileRef = B002DC5D1F44FA05000ADEE1 /* LaunchScreen.storyboard */; };
/* End PBXBuildFile section */

/* Begin PBXFileReference section */
		B002DC511F44FA04000ADEE1 /* MyFirstBitrise.app */ = {isa = PBXFileReference; explicitFileType = wrapper.application; includeInIndex = 0; path = MyFirstBitrise.app; sourceTree = BUILT_PRODUCTS_DIR; };
		B002DC541F44FA04000ADEE1 /* AppDelegate.swift */ = {isa = PBXFileReference; lastKnownFileType = sourcecode.swift; path = AppDelegate.swift; sourceTree = "<group>"; };
		B002DC561F44FA05000ADEE1 /* ViewController.swift */ = {isa = PBXFileReference; lastKnownFileType = sourcecode.swift; path = ViewController.swift; sourceTree = "<group>"; };
		B002DC591F44FA05000ADEE1 /* Base */ = {isa = PBXFileReference; lastKnownFileType = file.storyboard; name = Base; path = Base.lproj/Main.storyboard; sourceTree = "<group>"; };
		B002DC5B1F44FA05000ADEE1 /* Assets.xcassets */ = {isa = PBXFileReference; lastKnownFileType = folder.assetcatalog; path = Assets.xcassets; sourceTree = "<group>"; };
		B002DC5E1F44FA05000ADEE1 /* Base */ = {isa = PBXFileReference; lastKnownFileType = file.storyboard; name = Base; path = Base.lproj/LaunchScreen.storyboard; sourceTree = "<group>"; };
		B002DC601F44FA05000ADEE1 /* Info.plist */ = {isa = PBXFileReference; lastKnownFileType = text.plist.xml; path = Info.plist; sourceTree = "<group>"; };
/* End PBXFileReference section */

/* Begin PBXFrameworksBuildPhase section */
		B002DC4E1F44FA04000ADEE1 /* Frameworks */ = {
			isa = PBXFrameworksBuildPhase;
			buildActionMask = 2147483647;
			files = (
			);
			runOnlyForDeploymentPostprocessing = 0;
		};
/* End PBXFrameworksBuildPhase section */

/* Begin PBXGroup section */
		B002DC481F44FA04000ADEE1 = {
			isa = PBXGroup;
			children = (
				B002DC531F44FA04000ADEE1 /* MyFirstBitrise */,
				B002DC521F44FA04000ADEE1 /* Products */,
			);
			sourceTree = "<group>";
		};
		B002DC521F44FA04000ADEE1 /* Products */ = {
			isa = PBXGroup;
			children = (
				B002DC511F44FA04000ADEE1 /* MyFirstBitrise.app */,
			);
			name = Products;
			sourceTree = "<group>";
		};
		B002DC531F44FA04000ADEE1 /* MyFirstBitrise */ = {
			isa = PBXGroup;
			children = (
				B002DC541F44FA04000ADEE1 /* AppDelegate.swift */,
				B002DC561F44FA05000ADEE1 /* ViewController.swift */,
				B002DC581F44FA05000ADEE1 /* Main.storyboard */,
				B002DC5B1F44FA05000ADEE1 /* Assets.xcassets */,
				B002DC5D1F44FA05000ADEE1 /* LaunchScreen.storyboard */,
				B002DC601F44FA05000ADEE1 /* Info.plist */,
			);
			path = MyFirstBitrise;
			sourceTree = "<group>";
		};
/* End PBXGroup section */

/* Begin PBXNativeTarget section */
		B002DC501F44FA04000ADEE1 /* MyFirstBitrise */ = {
			isa = PBXNativeTarget;
			buildConfigurationList = B002DC631F44FA05000ADEE1 /* Build configuration list for PBXNativeTarget "MyFirstBitrise" */;
			buildPhases = (
				B002DC4D1F44FA04000ADEE1 /* Sources */,
				B002DC4E1F44FA04000ADEE1 /* Frameworks */,
				B002DC4F1F44FA04000ADEE1 /* Resources */,
			);
			buildRules = (
			);
			dependencies = (
			);
			name = MyFirstBitrise;
			productName = MyFirstBitrise;
			productReference = B002DC511F44FA04000ADEE1 /* MyFirstBitrise.app */;
			productType = "com.apple.product-type.application";
		};
/* End PBXNativeTarget section */

/* Begin PBXProject section */
		B002DC491F44FA04000ADEE1 /* Project object */ = {
			isa = PBXProject;
			attributes = {
				LastSwiftUpdateCheck = 0830;
				LastUpgradeCheck = 0830;
				ORGANIZATIONNAME = "Nate Pink";
				TargetAttributes = {
					B002DC501F44FA04000ADEE1 = {
						CreatedOnToolsVersion = 8.3.3;
						DevelopmentTeam = FL5PDYPCUB;
						ProvisioningStyle = Automatic;
					};
				};
			};
			buildConfigurationList = B002DC4C1F44FA04000ADEE1 /* Build configuration list for PBXProject "MyFirstBitrise" */;
			compatibilityVersion = "Xcode 3.2";
			developmentRegion = English;
			hasScannedForEncodings = 0;
			knownRegions = (
				en,
				Base,
			);
			mainGroup = B002DC481F44FA04000ADEE1;
			productRefGroup = B002DC521F44FA04000ADEE1 /* Products */;
			projectDirPath = "";
			projectRoot = "";
			targets = (
				B002DC501F44FA04000ADEE1 /* MyFirstBitrise */,
			);
		};
/* End PBXProject section */

/* Begin PBXResourcesBuildPhase section */
		B002DC4F1F44FA04000ADEE1 /* Resources */ = {
			isa = PBXResourcesBuildPhase;
			buildActionMask = 2147483647;
			files = (
				B002DC5F1F44FA05000ADEE1 /* LaunchScreen.storyboard in Resources */,
				B002DC5C1F44FA05000ADEE1 /* Assets.xcassets in Resources */,
				B002DC5A1F44FA05000ADEE1 /* Main.storyboard in Resources */,
			);
			runOnlyForDeploymentPostprocessing = 0;
		};
/* End PBXResourcesBuildPhase section */

/* Begin PBXSourcesBuildPhase section */
		B002DC4D1F44FA04000ADEE1 /* Sources */ = {
			isa = PBXSourcesBuildPhase;
			buildActionMask = 2147483647;
			files = (
				B002DC571F44FA05000ADEE1 /* ViewController.swift in Sources */,
				B002DC551F44FA04000ADEE1 /* AppDelegate.swift in Sources */,
			);
			runOnlyForDeploymentPostprocessing = 0;
		};
/* End PBXSourcesBuildPhase section */

/* Begin PBXVariantGroup section */
		B002DC581F44FA05000ADEE1 /* Main.storyboard */ = {
			isa = PBXVariantGroup;
			children = (
				B002DC591F44FA05000ADEE1 /* Base */,
			);
			name = Main.storyboard;
			sourceTree = "<group>";
		};
		B002DC5D1F44FA05000ADEE1 /* LaunchScreen.storyboard */ = {
			isa = PBXVariantGroup;
			children = (
				B002DC5E1F44FA05000ADEE1 /* Base */,
			);
			name = LaunchScreen.storyboard;
			sourceTree = "<group>";
		};
/* End PBXVariantGroup section */

/* Begin XCBuildConfiguration section */
		B002DC611F44FA05000ADEE1 /* Debug */ = {
			isa = XCBuildConfiguration;
			buildSettings = {
				ALWAYS_SEARCH_USER_PATHS = NO;
				CLANG_ANALYZER_NONNULL = YES;
				CLANG_ANALYZER_NUMBER_OBJECT_CONVERSION = YES_AGGRESSIVE;
				CLANG_CXX_LANGUAGE_STANDARD = "gnu++0x";
				CLANG_CXX_LIBRARY = "libc++";
				CLANG_ENABLE_MODULES = YES;
				CLANG_ENABLE_OBJC_ARC = YES;
				CLANG_WARN_BOOL_CONVERSION = YES;
				CLANG_WARN_CONSTANT_CONVERSION = YES;
				CLANG_WARN_DIRECT_OBJC_ISA_USAGE = YES_ERROR;
				CLANG_WARN_DOCUMENTATION_COMMENTS = YES;
				CLANG_WARN_EMPTY_BODY = YES;
				CLANG_WARN_ENUM_CONVERSION = YES;
				CLANG_WARN_INFINITE_RECURSION = YES;
				CLANG_WARN_INT_CONVERSION = YES;
				CLANG_WARN_OBJC_ROOT_CLASS = YES_ERROR;
				CLANG_WARN_SUSPICIOUS_MOVE = YES;
				CLANG_WARN_UNREACHABLE_CODE = YES;
				CLANG_WARN__DUPLICATE_METHOD_MATCH = YES;
				"CODE_SIGN_IDENTITY[sdk=iphoneos*]" = "iPhone Developer";
				COPY_PHASE_STRIP = NO;
				DEBUG_INFORMATION_FORMAT = dwarf;
				ENABLE_STRICT_OBJC_MSGSEND = YES;
				ENABLE_TESTABILITY = YES;
				GCC_C_LANGUAGE_STANDARD = gnu99;
				GCC_DYNAMIC_NO_PIC = NO;
				GCC_NO_COMMON_BLOCKS = YES;
				GCC_OPTIMIZATION_LEVEL = 0;
				GCC_PREPROCESSOR_DEFINITIONS = (
					"DEBUG=1",
					"$(inherited)",
				);
				GCC_WARN_64_TO_32_BIT_CONVERSION = YES;
				GCC_WARN_ABOUT_RETURN_TYPE = YES_ERROR;
				GCC_WARN_UNDECLARED_SELECTOR = YES;
				GCC_WARN_UNINITIALIZED_AUTOS = YES_AGGRESSIVE;
				GCC_WARN_UNUSED_FUNCTION = YES;
				GCC_WARN_UNUSED_VARIABLE = YES;
				IPHONEOS_DEPLOYMENT_TARGET = 10.3;
				MTL_ENABLE_DEBUG_INFO = YES;
				ONLY_ACTIVE_ARCH = YES;
				SDKROOT = iphoneos;
				SWIFT_ACTIVE_COMPILATION_CONDITIONS = DEBUG;
				SWIFT_OPTIMIZATION_LEVEL = "-Onone";
			};
			name = Debug;
		};
		B002DC621F44FA05000ADEE1 /* Release */ = {
			isa = XCBuildConfiguration;
			buildSettings = {
				ALWAYS_SEARCH_USER_PATHS = NO;
				CLANG_ANALYZER_NONNULL = YES;
				CLANG_ANALYZER_NUMBER_OBJECT_CONVERSION = YES_AGGRESSIVE;
				CLANG_CXX_LANGUAGE_STANDARD = "gnu++0x";
				CLANG_CXX_LIBRARY = "libc++";
				CLANG_ENABLE_MODULES = YES;
				CLANG_ENABLE_OBJC_ARC = YES;
				CLANG_WARN_BOOL_CONVERSION = YES;
				CLANG_WARN_CONSTANT_CONVERSION = YES;
				CLANG_WARN_DIRECT_OBJC_ISA_USAGE = YES_ERROR;
				CLANG_WARN_DOCUMENTATION_COMMENTS = YES;
				CLANG_WARN_EMPTY_BODY = YES;
				CLANG_WARN_ENUM_CONVERSION = YES;
				CLANG_WARN_INFINITE_RECURSION = YES;
				CLANG_WARN_INT_CONVERSION = YES;
				CLANG_WARN_OBJC_ROOT_CLASS = YES_ERROR;
				CLANG_WARN_SUSPICIOUS_MOVE = YES;
				CLANG_WARN_UNREACHABLE_CODE = YES;
				CLANG_WARN__DUPLICATE_METHOD_MATCH = YES;
				"CODE_SIGN_IDENTITY[sdk=iphoneos*]" = "iPhone Developer";
				COPY_PHASE_STRIP = NO;
				DEBUG_INFORMATION_FORMAT = "dwarf-with-dsym";
				ENABLE_NS_ASSERTIONS = NO;
				ENABLE_STRICT_OBJC_MSGSEND = YES;
				GCC_C_LANGUAGE_STANDARD = gnu99;
				GCC_NO_COMMON_BLOCKS = YES;
				GCC_WARN_64_TO_32_BIT_CONVERSION = YES;
				GCC_WARN_ABOUT_RETURN_TYPE = YES_ERROR;
				GCC_WARN_UNDECLARED_SELECTOR = YES;
				GCC_WARN_UNINITIALIZED_AUTOS = YES_AGGRESSIVE;
				GCC_WARN_UNUSED_FUNCTION = YES;
				GCC_WARN_UNUSED_VARIABLE = YES;
				IPHONEOS_DEPLOYMENT_TARGET = 10.3;
				MTL_ENABLE_DEBUG_INFO = NO;
				SDKROOT = iphoneos;
				SWIFT_OPTIMIZATION_LEVEL = "-Owholemodule";
				VALIDATE_PRODUCT = YES;
			};
			name = Release;
		};
		B002DC641F44FA05000ADEE1 /* Debug */ = {
			isa = XCBuildConfiguration;
			buildSettings = {
				ASSETCATALOG_COMPILER_APPICON_NAME = AppIcon;
				DEVELOPMENT_TEAM = FL5PDYPCUB;
				INFOPLIST_FILE = MyFirstBitrise/Info.plist;
				LD_RUNPATH_SEARCH_PATHS = "$(inherited) @executable_path/Frameworks";
				PRODUCT_BUNDLE_IDENTIFIER = Clevermonkeys.MyFirstBitrise;
				PRODUCT_NAME = "$(TARGET_NAME)";
				SWIFT_VERSION = 3.0;
			};
			name = Debug;
		};
		B002DC651F44FA05000ADEE1 /* Release */ = {
			isa = XCBuildConfiguration;
			buildSettings = {
				ASSETCATALOG_COMPILER_APPICON_NAME = AppIcon;
				DEVELOPMENT_TEAM = FL5PDYPCUB;
				INFOPLIST_FILE = MyFirstBitrise/Info.plist;
				LD_RUNPATH_SEARCH_PATHS = "$(inherited) @executable_path/Frameworks";
				PRODUCT_BUNDLE_IDENTIFIER = Clevermonkeys.MyFirstBitrise;
				PRODUCT_NAME = "$(TARGET_NAME)";
				SWIFT_VERSION = 3.0;
			};
			name = Release;
		};
/* End XCBuildConfiguration section */

/* Begin XCConfigurationList section */
		B002DC4C1F44FA04000ADEE1 /* Build configuration list for PBXProject "MyFirstBitrise" */ = {
			isa = XCConfigurationList;
			buildConfigurations = (
				B002DC611F44FA05000ADEE1 /* Debug */,
				B002DC621F44FA05000ADEE1 /* Release */,
			);
			defaultConfigurationIsVisible = 0;
			defaultConfigurationName = Release;
		};
		B002DC631F44FA05000ADEE1 /* Build configuration list for PBXNativeTarget "MyFirstBitrise" */ = {
			isa = XCConfigurationList;
			buildConfigurations = (
				B002DC641F44FA05000ADEE1 /* Debug */,
				B002DC651F44FA05000ADEE1 /* Release */,
			);
			defaultConfigurationIsVisible = 0;
		};
/* End XCConfigurationList section */
	};
	rootObject = B002DC491F44FA04000ADEE1 /* Project object */;
}
